
Microsoft Visual Studio Solution File, Format Version 12.00
# Visual Studio 15
VisualStudioVersion = 15.0.28010.2046
MinimumVisualStudioVersion = 10.0.40219.1
Project("{FAE04EC0-301F-11D3-BF4B-00C04F79EFBC}") = "ServiciosWeb.WebApi", "ServiciosWeb.WebApi\ServiciosWeb.WebApi.csproj", "{4DF3F17F-1AB6-49B3-9512-9832716D6747}"
EndProject
Project("{FAE04EC0-301F-11D3-BF4B-00C04F79EFBC}") = "ServiciosWeb.Datos", "ServiciosWeb.Datos\ServiciosWeb.Datos.csproj", "{B5485B03-D22B-42E9-9A04-1370E5ED89CB}"
EndProject
Project("{FAE04EC0-301F-11D3-BF4B-00C04F79EFBC}") = "ServiciosWeb.ClienteWeb", "ServiciosWeb.ClienteWeb\ServiciosWeb.ClienteWeb.csproj", "{E0BFEC7F-F44E-4205-AB92-6B7306490E26}"
EndProject
Project("{FAE04EC0-301F-11D3-BF4B-00C04F79EFBC}") = "ServiciosWeb.Dominio", "ServiciosWeb.Dominio\ServiciosWeb.Dominio.csproj", "{874437CB-D08C-45F9-9A93-FD3E96F2F331}"
EndProject
Global
	GlobalSection(SolutionConfigurationPlatforms) = preSolution
		Debug|Any CPU = Debug|Any CPU
		Release|Any CPU = Release|Any CPU
	EndGlobalSection
	GlobalSection(ProjectConfigurationPlatforms) = postSolution
		{4DF3F17F-1AB6-49B3-9512-9832716D6747}.Debug|Any CPU.ActiveCfg = Debug|Any CPU
		{4DF3F17F-1AB6-49B3-9512-9832716D6747}.Debug|Any CPU.Build.0 = Debug|Any CPU
		{4DF3F17F-1AB6-49B3-9512-9832716D6747}.Release|Any CPU.ActiveCfg = Release|Any CPU
		{4DF3F17F-1AB6-49B3-9512-9832716D6747}.Release|Any CPU.Build.0 = Release|Any CPU
		{B5485B03-D22B-42E9-9A04-1370E5ED89CB}.Debug|Any CPU.ActiveCfg = Debug|Any CPU
		{B5485B03-D22B-42E9-9A04-1370E5ED89CB}.Debug|Any CPU.Build.0 = Debug|Any CPU
		{B5485B03-D22B-42E9-9A04-1370E5ED89CB}.Release|Any CPU.ActiveCfg = Release|Any CPU
		{B5485B03-D22B-42E9-9A04-1370E5ED89CB}.Release|Any CPU.Build.0 = Release|Any CPU
		{E0BFEC7F-F44E-4205-AB92-6B7306490E26}.Debug|Any CPU.ActiveCfg = Debug|Any CPU
		{E0BFEC7F-F44E-4205-AB92-6B7306490E26}.Debug|Any CPU.Build.0 = Debug|Any CPU
		{E0BFEC7F-F44E-4205-AB92-6B7306490E26}.Release|Any CPU.ActiveCfg = Release|Any CPU
		{E0BFEC7F-F44E-4205-AB92-6B7306490E26}.Release|Any CPU.Build.0 = Release|Any CPU
		{874437CB-D08C-45F9-9A93-FD3E96F2F331}.Debug|Any CPU.ActiveCfg = Debug|Any CPU
		{874437CB-D08C-45F9-9A93-FD3E96F2F331}.Debug|Any CPU.Build.0 = Debug|Any CPU
		{874437CB-D08C-45F9-9A93-FD3E96F2F331}.Release|Any CPU.ActiveCfg = Release|Any CPU
		{874437CB-D08C-45F9-9A93-FD3E96F2F331}.Release|Any CPU.Build.0 = Release|Any CPU
	EndGlobalSection
	GlobalSection(SolutionProperties) = preSolution
		HideSolutionNode = FALSE
	EndGlobalSection
	GlobalSection(ExtensibilityGlobals) = postSolution
		SolutionGuid = {86150707-2D46-43E4-87D5-6927046C017E}
	EndGlobalSection
EndGlobal
